
Microsoft Visual Studio Solution File, Format Version 12.00
# Visual Studio Version 16
VisualStudioVersion = 16.0.31410.223
MinimumVisualStudioVersion = 10.0.40219.1
Project("{2150E333-8FDC-42A3-9474-1A3956D46DE8}") = "App", "App", "{C4D9BD12-9E7D-4A9B-AABA-0EFD708954C3}"
EndProject
Project("{9A19103F-16F7-4668-BE54-9A1E7A4F7556}") = "ConsoleApp", "ConsoleApp\ConsoleApp.csproj", "{1184C170-D7EE-4A54-80A0-F6C586945000}"
EndProject
Project("{9A19103F-16F7-4668-BE54-9A1E7A4F7556}") = "SqlServerModule", "SqlServerModule\SqlServerModule.csproj", "{D4317C51-9EC7-4A51-8512-9D85E2E5438C}"
EndProject
Project("{2150E333-8FDC-42A3-9474-1A3956D46DE8}") = "DBModule", "DBModule", "{88AE8962-4823-4175-A2D6-1C9A27B9B238}"
EndProject
Project("{2150E333-8FDC-42A3-9474-1A3956D46DE8}") = "DBMap", "DBMap", "{8055D3D1-03BB-4889-A385-8E434C820377}"
EndProject
Project("{9A19103F-16F7-4668-BE54-9A1E7A4F7556}") = "ORM.Pithy", "ORM.Pithy\ORM.Pithy.csproj", "{557E040A-E755-43F9-84DA-D69DD8EAD4A5}"
EndProject
Project("{2150E333-8FDC-42A3-9474-1A3956D46DE8}") = "Common", "Common", "{3FFDF56C-0A37-4498-AE8E-E7E12EA7C9A2}"
EndProject
Project("{9A19103F-16F7-4668-BE54-9A1E7A4F7556}") = "Common", "Common\Common.csproj", "{323E427D-FA5A-492B-8128-D681CED87681}"
EndProject
Project("{2150E333-8FDC-42A3-9474-1A3956D46DE8}") = "Builder", "Builder", "{DC787FA4-7BD6-4CB2-999D-7A7100ACB1A2}"
EndProject
Project("{9A19103F-16F7-4668-BE54-9A1E7A4F7556}") = "ManagerBuilderEntity", "ManagerBuilderEntity\ManagerBuilderEntity.csproj", "{E1DAAD5C-F243-49CF-B0A6-5430FF291BD3}"
EndProject
Project("{FAE04EC0-301F-11D3-BF4B-00C04F79EFBC}") = "App", "App\App.csproj", "{005014B6-5C1D-4808-853A-A9D54EFA9619}"
EndProject
Global
	GlobalSection(SolutionConfigurationPlatforms) = preSolution
		Debug|Any CPU = Debug|Any CPU
		Release|Any CPU = Release|Any CPU
	EndGlobalSection
	GlobalSection(ProjectConfigurationPlatforms) = postSolution
		{1184C170-D7EE-4A54-80A0-F6C586945000}.Debug|Any CPU.ActiveCfg = Debug|Any CPU
		{1184C170-D7EE-4A54-80A0-F6C586945000}.Debug|Any CPU.Build.0 = Debug|Any CPU
		{1184C170-D7EE-4A54-80A0-F6C586945000}.Release|Any CPU.ActiveCfg = Release|Any CPU
		{1184C170-D7EE-4A54-80A0-F6C586945000}.Release|Any CPU.Build.0 = Release|Any CPU
		{D4317C51-9EC7-4A51-8512-9D85E2E5438C}.Debug|Any CPU.ActiveCfg = Debug|Any CPU
		{D4317C51-9EC7-4A51-8512-9D85E2E5438C}.Debug|Any CPU.Build.0 = Debug|Any CPU
		{D4317C51-9EC7-4A51-8512-9D85E2E5438C}.Release|Any CPU.ActiveCfg = Release|Any CPU
		{D4317C51-9EC7-4A51-8512-9D85E2E5438C}.Release|Any CPU.Build.0 = Release|Any CPU
		{557E040A-E755-43F9-84DA-D69DD8EAD4A5}.Debug|Any CPU.ActiveCfg = Debug|Any CPU
		{557E040A-E755-43F9-84DA-D69DD8EAD4A5}.Debug|Any CPU.Build.0 = Debug|Any CPU
		{557E040A-E755-43F9-84DA-D69DD8EAD4A5}.Release|Any CPU.ActiveCfg = Release|Any CPU
		{557E040A-E755-43F9-84DA-D69DD8EAD4A5}.Release|Any CPU.Build.0 = Release|Any CPU
		{323E427D-FA5A-492B-8128-D681CED87681}.Debug|Any CPU.ActiveCfg = Debug|Any CPU
		{323E427D-FA5A-492B-8128-D681CED87681}.Debug|Any CPU.Build.0 = Debug|Any CPU
		{323E427D-FA5A-492B-8128-D681CED87681}.Release|Any CPU.ActiveCfg = Release|Any CPU
		{323E427D-FA5A-492B-8128-D681CED87681}.Release|Any CPU.Build.0 = Release|Any CPU
		{E1DAAD5C-F243-49CF-B0A6-5430FF291BD3}.Debug|Any CPU.ActiveCfg = Debug|Any CPU
		{E1DAAD5C-F243-49CF-B0A6-5430FF291BD3}.Debug|Any CPU.Build.0 = Debug|Any CPU
		{E1DAAD5C-F243-49CF-B0A6-5430FF291BD3}.Release|Any CPU.ActiveCfg = Release|Any CPU
		{E1DAAD5C-F243-49CF-B0A6-5430FF291BD3}.Release|Any CPU.Build.0 = Release|Any CPU
		{005014B6-5C1D-4808-853A-A9D54EFA9619}.Debug|Any CPU.ActiveCfg = Debug|Any CPU
		{005014B6-5C1D-4808-853A-A9D54EFA9619}.Debug|Any CPU.Build.0 = Debug|Any CPU
		{005014B6-5C1D-4808-853A-A9D54EFA9619}.Release|Any CPU.ActiveCfg = Release|Any CPU
		{005014B6-5C1D-4808-853A-A9D54EFA9619}.Release|Any CPU.Build.0 = Release|Any CPU
	EndGlobalSection
	GlobalSection(SolutionProperties) = preSolution
		HideSolutionNode = FALSE
	EndGlobalSection
	GlobalSection(NestedProjects) = preSolution
		{1184C170-D7EE-4A54-80A0-F6C586945000} = {C4D9BD12-9E7D-4A9B-AABA-0EFD708954C3}
		{D4317C51-9EC7-4A51-8512-9D85E2E5438C} = {88AE8962-4823-4175-A2D6-1C9A27B9B238}
		{557E040A-E755-43F9-84DA-D69DD8EAD4A5} = {8055D3D1-03BB-4889-A385-8E434C820377}
		{3FFDF56C-0A37-4498-AE8E-E7E12EA7C9A2} = {C4D9BD12-9E7D-4A9B-AABA-0EFD708954C3}
		{323E427D-FA5A-492B-8128-D681CED87681} = {3FFDF56C-0A37-4498-AE8E-E7E12EA7C9A2}
		{E1DAAD5C-F243-49CF-B0A6-5430FF291BD3} = {DC787FA4-7BD6-4CB2-999D-7A7100ACB1A2}
		{005014B6-5C1D-4808-853A-A9D54EFA9619} = {C4D9BD12-9E7D-4A9B-AABA-0EFD708954C3}
	EndGlobalSection
	GlobalSection(ExtensibilityGlobals) = postSolution
		SolutionGuid = {2CEDEA15-7C3C-40EF-BCCE-E7518C320A8E}
	EndGlobalSection
EndGlobal
